// !$*UTF8*$!
{
	archiveVersion = 1;
	classes = {
	};
	objectVersion = 50;
	objects = {

/* Begin PBXBuildFile section */
		844B0B432538A08C00D88711 /* AppDelegate.swift in Sources */ = {isa = PBXBuildFile; fileRef = 844B0B422538A08C00D88711 /* AppDelegate.swift */; };
		844B0B452538A08C00D88711 /* SceneDelegate.swift in Sources */ = {isa = PBXBuildFile; fileRef = 844B0B442538A08C00D88711 /* SceneDelegate.swift */; };
		844B0B472538A08C00D88711 /* CarsViewController.swift in Sources */ = {isa = PBXBuildFile; fileRef = 844B0B462538A08C00D88711 /* CarsViewController.swift */; };
		844B0B4A2538A08C00D88711 /* Main.storyboard in Resources */ = {isa = PBXBuildFile; fileRef = 844B0B482538A08C00D88711 /* Main.storyboard */; };
		844B0B4C2538A09100D88711 /* Assets.xcassets in Resources */ = {isa = PBXBuildFile; fileRef = 844B0B4B2538A09100D88711 /* Assets.xcassets */; };
		844B0B4F2538A09100D88711 /* LaunchScreen.storyboard in Resources */ = {isa = PBXBuildFile; fileRef = 844B0B4D2538A09100D88711 /* LaunchScreen.storyboard */; };
		844B0B592538A10B00D88711 /* Car.swift in Sources */ = {isa = PBXBuildFile; fileRef = 844B0B582538A10B00D88711 /* Car.swift */; };
		844B0B5C2538A11700D88711 /* Body.swift in Sources */ = {isa = PBXBuildFile; fileRef = 844B0B5B2538A11700D88711 /* Body.swift */; };
		844B0B692538AC3000D88711 /* DropDownView.swift in Sources */ = {isa = PBXBuildFile; fileRef = 844B0B682538AC3000D88711 /* DropDownView.swift */; };
		844B0B6D2538B5EC00D88711 /* DropDownViewDelegate.swift in Sources */ = {isa = PBXBuildFile; fileRef = 844B0B6C2538B5EC00D88711 /* DropDownViewDelegate.swift */; };
		844B0B772538D27C00D88711 /* CarCell.swift in Sources */ = {isa = PBXBuildFile; fileRef = 844B0B762538D27C00D88711 /* CarCell.swift */; };
/* End PBXBuildFile section */

/* Begin PBXFileReference section */
		844B0B3F2538A08C00D88711 /* homework-1.app */ = {isa = PBXFileReference; explicitFileType = wrapper.application; includeInIndex = 0; path = "homework-1.app"; sourceTree = BUILT_PRODUCTS_DIR; };
		844B0B422538A08C00D88711 /* AppDelegate.swift */ = {isa = PBXFileReference; lastKnownFileType = sourcecode.swift; path = AppDelegate.swift; sourceTree = "<group>"; };
		844B0B442538A08C00D88711 /* SceneDelegate.swift */ = {isa = PBXFileReference; lastKnownFileType = sourcecode.swift; path = SceneDelegate.swift; sourceTree = "<group>"; };
		844B0B462538A08C00D88711 /* CarsViewController.swift */ = {isa = PBXFileReference; lastKnownFileType = sourcecode.swift; path = CarsViewController.swift; sourceTree = "<group>"; };
		844B0B492538A08C00D88711 /* Base */ = {isa = PBXFileReference; lastKnownFileType = file.storyboard; name = Base; path = Base.lproj/Main.storyboard; sourceTree = "<group>"; };
		844B0B4B2538A09100D88711 /* Assets.xcassets */ = {isa = PBXFileReference; lastKnownFileType = folder.assetcatalog; path = Assets.xcassets; sourceTree = "<group>"; };
		844B0B4E2538A09100D88711 /* Base */ = {isa = PBXFileReference; lastKnownFileType = file.storyboard; name = Base; path = Base.lproj/LaunchScreen.storyboard; sourceTree = "<group>"; };
		844B0B502538A09100D88711 /* Info.plist */ = {isa = PBXFileReference; lastKnownFileType = text.plist.xml; path = Info.plist; sourceTree = "<group>"; };
		844B0B582538A10B00D88711 /* Car.swift */ = {isa = PBXFileReference; lastKnownFileType = sourcecode.swift; path = Car.swift; sourceTree = "<group>"; };
		844B0B5B2538A11700D88711 /* Body.swift */ = {isa = PBXFileReference; lastKnownFileType = sourcecode.swift; path = Body.swift; sourceTree = "<group>"; };
		844B0B682538AC3000D88711 /* DropDownView.swift */ = {isa = PBXFileReference; lastKnownFileType = sourcecode.swift; path = DropDownView.swift; sourceTree = "<group>"; };
		844B0B6C2538B5EC00D88711 /* DropDownViewDelegate.swift */ = {isa = PBXFileReference; lastKnownFileType = sourcecode.swift; path = DropDownViewDelegate.swift; sourceTree = "<group>"; };
		844B0B762538D27C00D88711 /* CarCell.swift */ = {isa = PBXFileReference; lastKnownFileType = sourcecode.swift; path = CarCell.swift; sourceTree = "<group>"; };
/* End PBXFileReference section */

/* Begin PBXFrameworksBuildPhase section */
		844B0B3C2538A08C00D88711 /* Frameworks */ = {
			isa = PBXFrameworksBuildPhase;
			buildActionMask = 2147483647;
			files = (
			);
			runOnlyForDeploymentPostprocessing = 0;
		};
/* End PBXFrameworksBuildPhase section */

/* Begin PBXGroup section */
		844B0B362538A08C00D88711 = {
			isa = PBXGroup;
			children = (
				844B0B412538A08C00D88711 /* homework-1 */,
			);
			sourceTree = "<group>";
		};
		844B0B402538A08C00D88711 /* Products */ = {
			isa = PBXGroup;
			children = (
				844B0B3F2538A08C00D88711 /* homework-1.app */,
			);
			name = Products;
			path = ..;
			sourceTree = "<group>";
		};
		844B0B412538A08C00D88711 /* homework-1 */ = {
			isa = PBXGroup;
			children = (
				844B0B422538A08C00D88711 /* AppDelegate.swift */,
				844B0B442538A08C00D88711 /* SceneDelegate.swift */,
				844B0B462538A08C00D88711 /* CarsViewController.swift */,
				844B0B762538D27C00D88711 /* CarCell.swift */,
				844B0B682538AC3000D88711 /* DropDownView.swift */,
				844B0B6C2538B5EC00D88711 /* DropDownViewDelegate.swift */,
				844B0B5B2538A11700D88711 /* Body.swift */,
				844B0B582538A10B00D88711 /* Car.swift */,
				844B0B482538A08C00D88711 /* Main.storyboard */,
				844B0B4B2538A09100D88711 /* Assets.xcassets */,
				844B0B4D2538A09100D88711 /* LaunchScreen.storyboard */,
				844B0B502538A09100D88711 /* Info.plist */,
				844B0B402538A08C00D88711 /* Products */,
			);
			path = "homework-1";
			sourceTree = "<group>";
		};
/* End PBXGroup section */

/* Begin PBXNativeTarget section */
		844B0B3E2538A08C00D88711 /* homework-1 */ = {
			isa = PBXNativeTarget;
			buildConfigurationList = 844B0B532538A09100D88711 /* Build configuration list for PBXNativeTarget "homework-1" */;
			buildPhases = (
				844B0B3B2538A08C00D88711 /* Sources */,
				844B0B3C2538A08C00D88711 /* Frameworks */,
				844B0B3D2538A08C00D88711 /* Resources */,
			);
			buildRules = (
			);
			dependencies = (
			);
			name = "homework-1";
			productName = "homework-1";
			productReference = 844B0B3F2538A08C00D88711 /* homework-1.app */;
			productType = "com.apple.product-type.application";
		};
/* End PBXNativeTarget section */

/* Begin PBXProject section */
		844B0B372538A08C00D88711 /* Project object */ = {
			isa = PBXProject;
			attributes = {
				LastSwiftUpdateCheck = 1200;
				LastUpgradeCheck = 1200;
				TargetAttributes = {
					844B0B3E2538A08C00D88711 = {
						CreatedOnToolsVersion = 12.0.1;
					};
				};
			};
			buildConfigurationList = 844B0B3A2538A08C00D88711 /* Build configuration list for PBXProject "homework-1" */;
			compatibilityVersion = "Xcode 9.3";
			developmentRegion = en;
			hasScannedForEncodings = 0;
			knownRegions = (
				en,
				Base,
			);
			mainGroup = 844B0B362538A08C00D88711;
			productRefGroup = 844B0B402538A08C00D88711 /* Products */;
			projectDirPath = "";
			projectRoot = "";
			targets = (
				844B0B3E2538A08C00D88711 /* homework-1 */,
			);
		};
/* End PBXProject section */

/* Begin PBXResourcesBuildPhase section */
		844B0B3D2538A08C00D88711 /* Resources */ = {
			isa = PBXResourcesBuildPhase;
			buildActionMask = 2147483647;
			files = (
				844B0B4F2538A09100D88711 /* LaunchScreen.storyboard in Resources */,
				844B0B4C2538A09100D88711 /* Assets.xcassets in Resources */,
				844B0B4A2538A08C00D88711 /* Main.storyboard in Resources */,
			);
			runOnlyForDeploymentPostprocessing = 0;
		};
/* End PBXResourcesBuildPhase section */

/* Begin PBXSourcesBuildPhase section */
		844B0B3B2538A08C00D88711 /* Sources */ = {
			isa = PBXSourcesBuildPhase;
			buildActionMask = 2147483647;
			files = (
				844B0B472538A08C00D88711 /* CarsViewController.swift in Sources */,
				844B0B6D2538B5EC00D88711 /* DropDownViewDelegate.swift in Sources */,
				844B0B432538A08C00D88711 /* AppDelegate.swift in Sources */,
				844B0B592538A10B00D88711 /* Car.swift in Sources */,
				844B0B452538A08C00D88711 /* SceneDelegate.swift in Sources */,
				844B0B5C2538A11700D88711 /* Body.swift in Sources */,
				844B0B772538D27C00D88711 /* CarCell.swift in Sources */,
				844B0B692538AC3000D88711 /* DropDownView.swift in Sources */,
			);
			runOnlyForDeploymentPostprocessing = 0;
		};
/* End PBXSourcesBuildPhase section */

/* Begin PBXVariantGroup section */
		844B0B482538A08C00D88711 /* Main.storyboard */ = {
			isa = PBXVariantGroup;
			children = (
				844B0B492538A08C00D88711 /* Base */,
			);
			name = Main.storyboard;
			sourceTree = "<group>";
		};
		844B0B4D2538A09100D88711 /* LaunchScreen.storyboard */ = {
			isa = PBXVariantGroup;
			children = (
				844B0B4E2538A09100D88711 /* Base */,
			);
			name = LaunchScreen.storyboard;
			sourceTree = "<group>";
		};
/* End PBXVariantGroup section */

/* Begin XCBuildConfiguration section */
		844B0B512538A09100D88711 /* Debug */ = {
			isa = XCBuildConfiguration;
			buildSettings = {
				ALWAYS_SEARCH_USER_PATHS = NO;
				CLANG_ANALYZER_NONNULL = YES;
				CLANG_ANALYZER_NUMBER_OBJECT_CONVERSION = YES_AGGRESSIVE;
				CLANG_CXX_LANGUAGE_STANDARD = "gnu++14";
				CLANG_CXX_LIBRARY = "libc++";
				CLANG_ENABLE_MODULES = YES;
				CLANG_ENABLE_OBJC_ARC = YES;
				CLANG_ENABLE_OBJC_WEAK = YES;
				CLANG_WARN_BLOCK_CAPTURE_AUTORELEASING = YES;
				CLANG_WARN_BOOL_CONVERSION = YES;
				CLANG_WARN_COMMA = YES;
				CLANG_WARN_CONSTANT_CONVERSION = YES;
				CLANG_WARN_DEPRECATED_OBJC_IMPLEMENTATIONS = YES;
				CLANG_WARN_DIRECT_OBJC_ISA_USAGE = YES_ERROR;
				CLANG_WARN_DOCUMENTATION_COMMENTS = YES;
				CLANG_WARN_EMPTY_BODY = YES;
				CLANG_WARN_ENUM_CONVERSION = YES;
				CLANG_WARN_INFINITE_RECURSION = YES;
				CLANG_WARN_INT_CONVERSION = YES;
				CLANG_WARN_NON_LITERAL_NULL_CONVERSION = YES;
				CLANG_WARN_OBJC_IMPLICIT_RETAIN_SELF = YES;
				CLANG_WARN_OBJC_LITERAL_CONVERSION = YES;
				CLANG_WARN_OBJC_ROOT_CLASS = YES_ERROR;
				CLANG_WARN_QUOTED_INCLUDE_IN_FRAMEWORK_HEADER = YES;
				CLANG_WARN_RANGE_LOOP_ANALYSIS = YES;
				CLANG_WARN_STRICT_PROTOTYPES = YES;
				CLANG_WARN_SUSPICIOUS_MOVE = YES;
				CLANG_WARN_UNGUARDED_AVAILABILITY = YES_AGGRESSIVE;
				CLANG_WARN_UNREACHABLE_CODE = YES;
				CLANG_WARN__DUPLICATE_METHOD_MATCH = YES;
				COPY_PHASE_STRIP = NO;
				DEBUG_INFORMATION_FORMAT = dwarf;
				ENABLE_STRICT_OBJC_MSGSEND = YES;
				ENABLE_TESTABILITY = YES;
				GCC_C_LANGUAGE_STANDARD = gnu11;
				GCC_DYNAMIC_NO_PIC = NO;
				GCC_NO_COMMON_BLOCKS = YES;
				GCC_OPTIMIZATION_LEVEL = 0;
				GCC_PREPROCESSOR_DEFINITIONS = (
					"DEBUG=1",
					"$(inherited)",
				);
				GCC_WARN_64_TO_32_BIT_CONVERSION = YES;
				GCC_WARN_ABOUT_RETURN_TYPE = YES_ERROR;
				GCC_WARN_UNDECLARED_SELECTOR = YES;
				GCC_WARN_UNINITIALIZED_AUTOS = YES_AGGRESSIVE;
				GCC_WARN_UNUSED_FUNCTION = YES;
				GCC_WARN_UNUSED_VARIABLE = YES;
				IPHONEOS_DEPLOYMENT_TARGET = 14.0;
				MTL_ENABLE_DEBUG_INFO = INCLUDE_SOURCE;
				MTL_FAST_MATH = YES;
				ONLY_ACTIVE_ARCH = YES;
				SDKROOT = iphoneos;
				SWIFT_ACTIVE_COMPILATION_CONDITIONS = DEBUG;
				SWIFT_OPTIMIZATION_LEVEL = "-Onone";
			};
			name = Debug;
		};
		844B0B522538A09100D88711 /* Release */ = {
			isa = XCBuildConfiguration;
			buildSettings = {
				ALWAYS_SEARCH_USER_PATHS = NO;
				CLANG_ANALYZER_NONNULL = YES;
				CLANG_ANALYZER_NUMBER_OBJECT_CONVERSION = YES_AGGRESSIVE;
				CLANG_CXX_LANGUAGE_STANDARD = "gnu++14";
				CLANG_CXX_LIBRARY = "libc++";
				CLANG_ENABLE_MODULES = YES;
				CLANG_ENABLE_OBJC_ARC = YES;
				CLANG_ENABLE_OBJC_WEAK = YES;
				CLANG_WARN_BLOCK_CAPTURE_AUTORELEASING = YES;
				CLANG_WARN_BOOL_CONVERSION = YES;
				CLANG_WARN_COMMA = YES;
				CLANG_WARN_CONSTANT_CONVERSION = YES;
				CLANG_WARN_DEPRECATED_OBJC_IMPLEMENTATIONS = YES;
				CLANG_WARN_DIRECT_OBJC_ISA_USAGE = YES_ERROR;
				CLANG_WARN_DOCUMENTATION_COMMENTS = YES;
				CLANG_WARN_EMPTY_BODY = YES;
				CLANG_WARN_ENUM_CONVERSION = YES;
				CLANG_WARN_INFINITE_RECURSION = YES;
				CLANG_WARN_INT_CONVERSION = YES;
				CLANG_WARN_NON_LITERAL_NULL_CONVERSION = YES;
				CLANG_WARN_OBJC_IMPLICIT_RETAIN_SELF = YES;
				CLANG_WARN_OBJC_LITERAL_CONVERSION = YES;
				CLANG_WARN_OBJC_ROOT_CLASS = YES_ERROR;
				CLANG_WARN_QUOTED_INCLUDE_IN_FRAMEWORK_HEADER = YES;
				CLANG_WARN_RANGE_LOOP_ANALYSIS = YES;
				CLANG_WARN_STRICT_PROTOTYPES = YES;
				CLANG_WARN_SUSPICIOUS_MOVE = YES;
				CLANG_WARN_UNGUARDED_AVAILABILITY = YES_AGGRESSIVE;
				CLANG_WARN_UNREACHABLE_CODE = YES;
				CLANG_WARN__DUPLICATE_METHOD_MATCH = YES;
				COPY_PHASE_STRIP = NO;
				DEBUG_INFORMATION_FORMAT = "dwarf-with-dsym";
				ENABLE_NS_ASSERTIONS = NO;
				ENABLE_STRICT_OBJC_MSGSEND = YES;
				GCC_C_LANGUAGE_STANDARD = gnu11;
				GCC_NO_COMMON_BLOCKS = YES;
				GCC_WARN_64_TO_32_BIT_CONVERSION = YES;
				GCC_WARN_ABOUT_RETURN_TYPE = YES_ERROR;
				GCC_WARN_UNDECLARED_SELECTOR = YES;
				GCC_WARN_UNINITIALIZED_AUTOS = YES_AGGRESSIVE;
				GCC_WARN_UNUSED_FUNCTION = YES;
				GCC_WARN_UNUSED_VARIABLE = YES;
				IPHONEOS_DEPLOYMENT_TARGET = 14.0;
				MTL_ENABLE_DEBUG_INFO = NO;
				MTL_FAST_MATH = YES;
				SDKROOT = iphoneos;
				SWIFT_COMPILATION_MODE = wholemodule;
				SWIFT_OPTIMIZATION_LEVEL = "-O";
				VALIDATE_PRODUCT = YES;
			};
			name = Release;
		};
		844B0B542538A09100D88711 /* Debug */ = {
			isa = XCBuildConfiguration;
			buildSettings = {
				ASSETCATALOG_COMPILER_APPICON_NAME = AppIcon;
				ASSETCATALOG_COMPILER_GLOBAL_ACCENT_COLOR_NAME = AccentColor;
				CODE_SIGN_STYLE = Automatic;
				INFOPLIST_FILE = "homework-1/Info.plist";
				LD_RUNPATH_SEARCH_PATHS = (
					"$(inherited)",
					"@executable_path/Frameworks",
				);
				PRODUCT_BUNDLE_IDENTIFIER = "com.alec.homework-1";
				PRODUCT_NAME = "$(TARGET_NAME)";
				SWIFT_VERSION = 5.0;
				TARGETED_DEVICE_FAMILY = "1,2";
			};
			name = Debug;
		};
		844B0B552538A09100D88711 /* Release */ = {
			isa = XCBuildConfiguration;
			buildSettings = {
				ASSETCATALOG_COMPILER_APPICON_NAME = AppIcon;
				ASSETCATALOG_COMPILER_GLOBAL_ACCENT_COLOR_NAME = AccentColor;
				CODE_SIGN_STYLE = Automatic;
				INFOPLIST_FILE = "homework-1/Info.plist";
				LD_RUNPATH_SEARCH_PATHS = (
					"$(inherited)",
					"@executable_path/Frameworks",
				);
				PRODUCT_BUNDLE_IDENTIFIER = "com.alec.homework-1";
				PRODUCT_NAME = "$(TARGET_NAME)";
				SWIFT_VERSION = 5.0;
				TARGETED_DEVICE_FAMILY = "1,2";
			};
			name = Release;
		};
/* End XCBuildConfiguration section */

/* Begin XCConfigurationList section */
		844B0B3A2538A08C00D88711 /* Build configuration list for PBXProject "homework-1" */ = {
			isa = XCConfigurationList;
			buildConfigurations = (
				844B0B512538A09100D88711 /* Debug */,
				844B0B522538A09100D88711 /* Release */,
			);
			defaultConfigurationIsVisible = 0;
			defaultConfigurationName = Release;
		};
		844B0B532538A09100D88711 /* Build configuration list for PBXNativeTarget "homework-1" */ = {
			isa = XCConfigurationList;
			buildConfigurations = (
				844B0B542538A09100D88711 /* Debug */,
				844B0B552538A09100D88711 /* Release */,
			);
			defaultConfigurationIsVisible = 0;
			defaultConfigurationName = Release;
		};
/* End XCConfigurationList section */
	};
	rootObject = 844B0B372538A08C00D88711 /* Project object */;
}
